github.com/sunshineplan/utils v0.1.73 h1:Kvi45QYzdvNqQKON5Q67M7U/35+RrOnX7K8sbZtHsgI=
github.com/sunshineplan/utils v0.1.73/go.mod h1:61jHA9jn2CVlZzt9LbPz+MpOEiR6Jy5SNHHEcc/KQNk=
golang.org/x/crypto v0.31.0 h1:ihbySMvVjLAeSH1IbfcRTkD/iNscyz8rGzjF/E5hV6U=
golang.org/x/crypto v0.31.0/go.mod h1:kDsLvtWBEx7MV9tJOj9bnXsPbxwJQ6csT/x4KIN4Ssk=
