github.com/sunshineplan/utils v0.1.66 h1:YwIuVQxmaL0bEnEKHU64pseCC18w2MZVtyrmY4VFOew=
github.com/sunshineplan/utils v0.1.66/go.mod h1:QMe2vCEFq9VliPac8WfXndi5jP0ZrPHus8wvJlgBy5M=
golang.org/x/crypto v0.24.0 h1:mnl8DM0o513X8fdIkmyFE/5hTYxbwYOjDS/+rK6qpRI=
golang.org/x/crypto v0.24.0/go.mod h1:Z1PMYSOR5nyMcyAVAIQSKCDwalqy85Aqn1x3Ws4L5DM=
